{
  "name": "ftp_service",
  "version": "1.0.0",
  "lockfileVersion": 1,
  "requires": true,
  "dependencies": {
    "dateformat": {
      "version": "1.0.7-1.2.3",
      "resolved": "https://registry.npmjs.org/dateformat/-/dateformat-1.0.7-1.2.3.tgz",
      "integrity": "sha1-67Vhu3IU7leo3CaHrasdVV3pQZw="
    },
    "ftpd": {
      "version": "git+https://github.com/sstur/nodeftpd.git#0d299f78af7f0006a9d5a084614bd8b56a369d1b",
      "requires": {
        "dateformat": "1.0.7-1.2.3",
        "stat-mode": "0.2.2"
      }
    },
    "stat-mode": {
      "version": "0.2.2",
      "resolved": "https://registry.npmjs.org/stat-mode/-/stat-mode-0.2.2.tgz",
      "integrity": "sha1-5sgLYjEj19gM8TLOU480YokHJQI="
    }
  }
}
