{
  "name": "nodejs_service",
  "version": "1.0.0",
  "lockfileVersion": 1,
  "requires": true,
  "dependencies": {
    "basic-ftp": {
      "version": "2.12.0",
      "resolved": "https://registry.npmjs.org/basic-ftp/-/basic-ftp-2.12.0.tgz",
      "integrity": "sha512-gwttgEEcAoGCTneI8TQD1GlZcCZ6aYA6sjje8LOFt+vGWCd5a2s2FWzUpjTjxcVfsZQzz4dM28I0IVl6O/DWtA=="
    }
  }
}
